
Microsoft Visual Studio Solution File, Format Version 12.00
# Visual Studio Version 17
VisualStudioVersion = 17.0.31903.59
MinimumVisualStudioVersion = 10.0.40219.1
Project("{2150E333-8FDC-42A3-9474-1A3956D46DE8}") = "Shared", "Shared", "{4F52FD11-658E-A102-6CD3-7D7C16FFA15B}"
EndProject
Project("{2150E333-8FDC-42A3-9474-1A3956D46DE8}") = "Contracts", "Contracts", "{85E3A286-880E-ADB0-5CF2-3F1BDB3A4229}"
EndProject
Project("{FAE04EC0-301F-11D3-BF4B-00C04F79EFBC}") = "CareHub.Shared.Contracts", "Shared\Contracts\CareHub.Shared.Contracts.csproj", "{463F3452-2716-4E09-A4CE-36B2644ED665}"
EndProject
Project("{2150E333-8FDC-42A3-9474-1A3956D46DE8}") = "Tests", "Tests", "{F07E2BBD-3EF3-C73B-F5F0-A5C6B8A6536E}"
EndProject
Project("{FAE04EC0-301F-11D3-BF4B-00C04F79EFBC}") = "CareHub.Shared.Contracts.Tests", "Shared\Contracts\Tests\CareHub.Shared.Contracts.Tests.csproj", "{374F4177-8F14-40E5-8930-0355A34E2545}"
EndProject
Project("{2150E333-8FDC-42A3-9474-1A3956D46DE8}") = "Gateway", "Gateway", "{E7BDDBC6-9FD1-D1D7-ACD8-2C4F8E3D2461}"
EndProject
Project("{FAE04EC0-301F-11D3-BF4B-00C04F79EFBC}") = "CareHub.Gateway", "Gateway\CareHub.Gateway\CareHub.Gateway.csproj", "{681230F7-9A02-4AC7-A0A3-29E39CEAF7B4}"
EndProject
Project("{FAE04EC0-301F-11D3-BF4B-00C04F79EFBC}") = "CareHub.Gateway.Tests", "Gateway\CareHub.Gateway.Tests\CareHub.Gateway.Tests.csproj", "{B195C7C4-5864-4207-A5B2-1079186F6CF2}"
EndProject
Project("{2150E333-8FDC-42A3-9474-1A3956D46DE8}") = "Services", "Services", "{5854FF58-B8C5-05C6-5BF2-ACE42193F22B}"
EndProject
Project("{2150E333-8FDC-42A3-9474-1A3956D46DE8}") = "Identity", "Identity", "{357A7C97-5AE1-023F-1442-0D9F9AF22A31}"
EndProject
Project("{FAE04EC0-301F-11D3-BF4B-00C04F79EFBC}") = "CareHub.Identity", "Services\Identity\CareHub.Identity\CareHub.Identity.csproj", "{92284E31-FF56-4B78-8005-8DBE96B8FDAF}"
EndProject
Project("{FAE04EC0-301F-11D3-BF4B-00C04F79EFBC}") = "CareHub.Identity.Tests", "Services\Identity\CareHub.Identity.Tests\CareHub.Identity.Tests.csproj", "{1F06E298-AE1E-4B5D-A43C-4986B0F50459}"
EndProject
Project("{2150E333-8FDC-42A3-9474-1A3956D46DE8}") = "Patient", "Patient", "{944C6BB9-14B7-92CC-DB38-A08A98C838B4}"
EndProject
Project("{FAE04EC0-301F-11D3-BF4B-00C04F79EFBC}") = "CareHub.Patient", "Services\Patient\CareHub.Patient\CareHub.Patient.csproj", "{A1D61420-4960-4E47-9F63-2FD9B4D9D7C9}"
EndProject
Project("{FAE04EC0-301F-11D3-BF4B-00C04F79EFBC}") = "CareHub.Patient.Tests", "Services\Patient\CareHub.Patient.Tests\CareHub.Patient.Tests.csproj", "{711EB070-2E8D-4789-91C3-EA2738D21257}"
EndProject
Project("{2150E333-8FDC-42A3-9474-1A3956D46DE8}") = "Schedule", "Schedule", "{8FC3B100-36D6-BD0C-95E3-F3A0947C3004}"
EndProject
Project("{FAE04EC0-301F-11D3-BF4B-00C04F79EFBC}") = "CareHub.Schedule", "Services\Schedule\CareHub.Schedule\CareHub.Schedule.csproj", "{76D94A67-4EAF-47F4-9F08-FC79DAD1BF76}"
EndProject
Project("{FAE04EC0-301F-11D3-BF4B-00C04F79EFBC}") = "CareHub.Schedule.Tests", "Services\Schedule\CareHub.Schedule.Tests\CareHub.Schedule.Tests.csproj", "{C3A61777-7709-4BAD-8623-5E88DD86EDB4}"
EndProject
Project("{2150E333-8FDC-42A3-9474-1A3956D46DE8}") = "Appointment", "Appointment", "{EC4D58AA-3E6A-772B-884D-8B41220B85E8}"
EndProject
Project("{FAE04EC0-301F-11D3-BF4B-00C04F79EFBC}") = "CareHub.Appointment", "Services\Appointment\CareHub.Appointment\CareHub.Appointment.csproj", "{D0CB2329-4C0F-47B3-A2C5-E7D453E40D51}"
EndProject
Project("{FAE04EC0-301F-11D3-BF4B-00C04F79EFBC}") = "CareHub.Appointment.Tests", "Services\Appointment\CareHub.Appointment.Tests\CareHub.Appointment.Tests.csproj", "{B6A39BC0-94B8-4145-B426-6495F82325EE}"
EndProject
Project("{2150E333-8FDC-42A3-9474-1A3956D46DE8}") = "Billing", "Billing", "{C7D8E9F0-A1B2-4C3D-9E8F-706050403020}"
EndProject
Project("{FAE04EC0-301F-11D3-BF4B-00C04F79EFBC}") = "CareHub.Billing", "Services\Billing\CareHub.Billing\CareHub.Billing.csproj", "{D8E9F0A1-B2C3-4D5E-8F90-170605040302}"
EndProject
Project("{FAE04EC0-301F-11D3-BF4B-00C04F79EFBC}") = "CareHub.Billing.Tests", "Services\Billing\CareHub.Billing.Tests\CareHub.Billing.Tests.csproj", "{E9F0A1B2-C3D4-4E5F-8091-281706050403}"
EndProject
Project("{2150E333-8FDC-42A3-9474-1A3956D46DE8}") = "Laboratory", "Laboratory", "{3E7A9B00-7DF3-7790-B266-A41137FAD3AE}"
EndProject
Project("{FAE04EC0-301F-11D3-BF4B-00C04F79EFBC}") = "CareHub.Laboratory", "Services\Laboratory\CareHub.Laboratory\CareHub.Laboratory.csproj", "{E148945A-421E-465F-98E0-F247969F82A2}"
EndProject
Project("{FAE04EC0-301F-11D3-BF4B-00C04F79EFBC}") = "CareHub.Laboratory.Tests", "Services\Laboratory\CareHub.Laboratory.Tests\CareHub.Laboratory.Tests.csproj", "{381BE9E9-4235-45F3-8856-BBCDEFBFFE29}"
EndProject
Global
	GlobalSection(SolutionConfigurationPlatforms) = preSolution
		Debug|Any CPU = Debug|Any CPU
		Debug|x64 = Debug|x64
		Debug|x86 = Debug|x86
		Release|Any CPU = Release|Any CPU
		Release|x64 = Release|x64
		Release|x86 = Release|x86
	EndGlobalSection
	GlobalSection(ProjectConfigurationPlatforms) = postSolution
		{463F3452-2716-4E09-A4CE-36B2644ED665}.Debug|Any CPU.ActiveCfg = Debug|Any CPU
		{463F3452-2716-4E09-A4CE-36B2644ED665}.Debug|Any CPU.Build.0 = Debug|Any CPU
		{463F3452-2716-4E09-A4CE-36B2644ED665}.Debug|x64.ActiveCfg = Debug|Any CPU
		{463F3452-2716-4E09-A4CE-36B2644ED665}.Debug|x64.Build.0 = Debug|Any CPU
		{463F3452-2716-4E09-A4CE-36B2644ED665}.Debug|x86.ActiveCfg = Debug|Any CPU
		{463F3452-2716-4E09-A4CE-36B2644ED665}.Debug|x86.Build.0 = Debug|Any CPU
		{463F3452-2716-4E09-A4CE-36B2644ED665}.Release|Any CPU.ActiveCfg = Release|Any CPU
		{463F3452-2716-4E09-A4CE-36B2644ED665}.Release|Any CPU.Build.0 = Release|Any CPU
		{463F3452-2716-4E09-A4CE-36B2644ED665}.Release|x64.ActiveCfg = Release|Any CPU
		{463F3452-2716-4E09-A4CE-36B2644ED665}.Release|x64.Build.0 = Release|Any CPU
		{463F3452-2716-4E09-A4CE-36B2644ED665}.Release|x86.ActiveCfg = Release|Any CPU
		{463F3452-2716-4E09-A4CE-36B2644ED665}.Release|x86.Build.0 = Release|Any CPU
		{374F4177-8F14-40E5-8930-0355A34E2545}.Debug|Any CPU.ActiveCfg = Debug|Any CPU
		{374F4177-8F14-40E5-8930-0355A34E2545}.Debug|Any CPU.Build.0 = Debug|Any CPU
		{374F4177-8F14-40E5-8930-0355A34E2545}.Debug|x64.ActiveCfg = Debug|Any CPU
		{374F4177-8F14-40E5-8930-0355A34E2545}.Debug|x64.Build.0 = Debug|Any CPU
		{374F4177-8F14-40E5-8930-0355A34E2545}.Debug|x86.ActiveCfg = Debug|Any CPU
		{374F4177-8F14-40E5-8930-0355A34E2545}.Debug|x86.Build.0 = Debug|Any CPU
		{374F4177-8F14-40E5-8930-0355A34E2545}.Release|Any CPU.ActiveCfg = Release|Any CPU
		{374F4177-8F14-40E5-8930-0355A34E2545}.Release|Any CPU.Build.0 = Release|Any CPU
		{374F4177-8F14-40E5-8930-0355A34E2545}.Release|x64.ActiveCfg = Release|Any CPU
		{374F4177-8F14-40E5-8930-0355A34E2545}.Release|x64.Build.0 = Release|Any CPU
		{374F4177-8F14-40E5-8930-0355A34E2545}.Release|x86.ActiveCfg = Release|Any CPU
		{374F4177-8F14-40E5-8930-0355A34E2545}.Release|x86.Build.0 = Release|Any CPU
		{681230F7-9A02-4AC7-A0A3-29E39CEAF7B4}.Debug|Any CPU.ActiveCfg = Debug|Any CPU
		{681230F7-9A02-4AC7-A0A3-29E39CEAF7B4}.Debug|Any CPU.Build.0 = Debug|Any CPU
		{681230F7-9A02-4AC7-A0A3-29E39CEAF7B4}.Debug|x64.ActiveCfg = Debug|Any CPU
		{681230F7-9A02-4AC7-A0A3-29E39CEAF7B4}.Debug|x64.Build.0 = Debug|Any CPU
		{681230F7-9A02-4AC7-A0A3-29E39CEAF7B4}.Debug|x86.ActiveCfg = Debug|Any CPU
		{681230F7-9A02-4AC7-A0A3-29E39CEAF7B4}.Debug|x86.Build.0 = Debug|Any CPU
		{681230F7-9A02-4AC7-A0A3-29E39CEAF7B4}.Release|Any CPU.ActiveCfg = Release|Any CPU
		{681230F7-9A02-4AC7-A0A3-29E39CEAF7B4}.Release|Any CPU.Build.0 = Release|Any CPU
		{681230F7-9A02-4AC7-A0A3-29E39CEAF7B4}.Release|x64.ActiveCfg = Release|Any CPU
		{681230F7-9A02-4AC7-A0A3-29E39CEAF7B4}.Release|x64.Build.0 = Release|Any CPU
		{681230F7-9A02-4AC7-A0A3-29E39CEAF7B4}.Release|x86.ActiveCfg = Release|Any CPU
		{681230F7-9A02-4AC7-A0A3-29E39CEAF7B4}.Release|x86.Build.0 = Release|Any CPU
		{B195C7C4-5864-4207-A5B2-1079186F6CF2}.Debug|Any CPU.ActiveCfg = Debug|Any CPU
		{B195C7C4-5864-4207-A5B2-1079186F6CF2}.Debug|Any CPU.Build.0 = Debug|Any CPU
		{B195C7C4-5864-4207-A5B2-1079186F6CF2}.Debug|x64.ActiveCfg = Debug|Any CPU
		{B195C7C4-5864-4207-A5B2-1079186F6CF2}.Debug|x64.Build.0 = Debug|Any CPU
		{B195C7C4-5864-4207-A5B2-1079186F6CF2}.Debug|x86.ActiveCfg = Debug|Any CPU
		{B195C7C4-5864-4207-A5B2-1079186F6CF2}.Debug|x86.Build.0 = Debug|Any CPU
		{B195C7C4-5864-4207-A5B2-1079186F6CF2}.Release|Any CPU.ActiveCfg = Release|Any CPU
		{B195C7C4-5864-4207-A5B2-1079186F6CF2}.Release|Any CPU.Build.0 = Release|Any CPU
		{B195C7C4-5864-4207-A5B2-1079186F6CF2}.Release|x64.ActiveCfg = Release|Any CPU
		{B195C7C4-5864-4207-A5B2-1079186F6CF2}.Release|x64.Build.0 = Release|Any CPU
		{B195C7C4-5864-4207-A5B2-1079186F6CF2}.Release|x86.ActiveCfg = Release|Any CPU
		{B195C7C4-5864-4207-A5B2-1079186F6CF2}.Release|x86.Build.0 = Release|Any CPU
		{92284E31-FF56-4B78-8005-8DBE96B8FDAF}.Debug|Any CPU.ActiveCfg = Debug|Any CPU
		{92284E31-FF56-4B78-8005-8DBE96B8FDAF}.Debug|Any CPU.Build.0 = Debug|Any CPU
		{92284E31-FF56-4B78-8005-8DBE96B8FDAF}.Debug|x64.ActiveCfg = Debug|Any CPU
		{92284E31-FF56-4B78-8005-8DBE96B8FDAF}.Debug|x64.Build.0 = Debug|Any CPU
		{92284E31-FF56-4B78-8005-8DBE96B8FDAF}.Debug|x86.ActiveCfg = Debug|Any CPU
		{92284E31-FF56-4B78-8005-8DBE96B8FDAF}.Debug|x86.Build.0 = Debug|Any CPU
		{92284E31-FF56-4B78-8005-8DBE96B8FDAF}.Release|Any CPU.ActiveCfg = Release|Any CPU
		{92284E31-FF56-4B78-8005-8DBE96B8FDAF}.Release|Any CPU.Build.0 = Release|Any CPU
		{92284E31-FF56-4B78-8005-8DBE96B8FDAF}.Release|x64.ActiveCfg = Release|Any CPU
		{92284E31-FF56-4B78-8005-8DBE96B8FDAF}.Release|x64.Build.0 = Release|Any CPU
		{92284E31-FF56-4B78-8005-8DBE96B8FDAF}.Release|x86.ActiveCfg = Release|Any CPU
		{92284E31-FF56-4B78-8005-8DBE96B8FDAF}.Release|x86.Build.0 = Release|Any CPU
		{1F06E298-AE1E-4B5D-A43C-4986B0F50459}.Debug|Any CPU.ActiveCfg = Debug|Any CPU
		{1F06E298-AE1E-4B5D-A43C-4986B0F50459}.Debug|Any CPU.Build.0 = Debug|Any CPU
		{1F06E298-AE1E-4B5D-A43C-4986B0F50459}.Debug|x64.ActiveCfg = Debug|Any CPU
		{1F06E298-AE1E-4B5D-A43C-4986B0F50459}.Debug|x64.Build.0 = Debug|Any CPU
		{1F06E298-AE1E-4B5D-A43C-4986B0F50459}.Debug|x86.ActiveCfg = Debug|Any CPU
		{1F06E298-AE1E-4B5D-A43C-4986B0F50459}.Debug|x86.Build.0 = Debug|Any CPU
		{1F06E298-AE1E-4B5D-A43C-4986B0F50459}.Release|Any CPU.ActiveCfg = Release|Any CPU
		{1F06E298-AE1E-4B5D-A43C-4986B0F50459}.Release|Any CPU.Build.0 = Release|Any CPU
		{1F06E298-AE1E-4B5D-A43C-4986B0F50459}.Release|x64.ActiveCfg = Release|Any CPU
		{1F06E298-AE1E-4B5D-A43C-4986B0F50459}.Release|x64.Build.0 = Release|Any CPU
		{1F06E298-AE1E-4B5D-A43C-4986B0F50459}.Release|x86.ActiveCfg = Release|Any CPU
		{1F06E298-AE1E-4B5D-A43C-4986B0F50459}.Release|x86.Build.0 = Release|Any CPU
		{A1D61420-4960-4E47-9F63-2FD9B4D9D7C9}.Debug|Any CPU.ActiveCfg = Debug|Any CPU
		{A1D61420-4960-4E47-9F63-2FD9B4D9D7C9}.Debug|Any CPU.Build.0 = Debug|Any CPU
		{A1D61420-4960-4E47-9F63-2FD9B4D9D7C9}.Debug|x64.ActiveCfg = Debug|Any CPU
		{A1D61420-4960-4E47-9F63-2FD9B4D9D7C9}.Debug|x64.Build.0 = Debug|Any CPU
		{A1D61420-4960-4E47-9F63-2FD9B4D9D7C9}.Debug|x86.ActiveCfg = Debug|Any CPU
		{A1D61420-4960-4E47-9F63-2FD9B4D9D7C9}.Debug|x86.Build.0 = Debug|Any CPU
		{A1D61420-4960-4E47-9F63-2FD9B4D9D7C9}.Release|Any CPU.ActiveCfg = Release|Any CPU
		{A1D61420-4960-4E47-9F63-2FD9B4D9D7C9}.Release|Any CPU.Build.0 = Release|Any CPU
		{A1D61420-4960-4E47-9F63-2FD9B4D9D7C9}.Release|x64.ActiveCfg = Release|Any CPU
		{A1D61420-4960-4E47-9F63-2FD9B4D9D7C9}.Release|x64.Build.0 = Release|Any CPU
		{A1D61420-4960-4E47-9F63-2FD9B4D9D7C9}.Release|x86.ActiveCfg = Release|Any CPU
		{A1D61420-4960-4E47-9F63-2FD9B4D9D7C9}.Release|x86.Build.0 = Release|Any CPU
		{711EB070-2E8D-4789-91C3-EA2738D21257}.Debug|Any CPU.ActiveCfg = Debug|Any CPU
		{711EB070-2E8D-4789-91C3-EA2738D21257}.Debug|Any CPU.Build.0 = Debug|Any CPU
		{711EB070-2E8D-4789-91C3-EA2738D21257}.Debug|x64.ActiveCfg = Debug|Any CPU
		{711EB070-2E8D-4789-91C3-EA2738D21257}.Debug|x64.Build.0 = Debug|Any CPU
		{711EB070-2E8D-4789-91C3-EA2738D21257}.Debug|x86.ActiveCfg = Debug|Any CPU
		{711EB070-2E8D-4789-91C3-EA2738D21257}.Debug|x86.Build.0 = Debug|Any CPU
		{711EB070-2E8D-4789-91C3-EA2738D21257}.Release|Any CPU.ActiveCfg = Release|Any CPU
		{711EB070-2E8D-4789-91C3-EA2738D21257}.Release|Any CPU.Build.0 = Release|Any CPU
		{711EB070-2E8D-4789-91C3-EA2738D21257}.Release|x64.ActiveCfg = Release|Any CPU
		{711EB070-2E8D-4789-91C3-EA2738D21257}.Release|x64.Build.0 = Release|Any CPU
		{711EB070-2E8D-4789-91C3-EA2738D21257}.Release|x86.ActiveCfg = Release|Any CPU
		{711EB070-2E8D-4789-91C3-EA2738D21257}.Release|x86.Build.0 = Release|Any CPU
		{76D94A67-4EAF-47F4-9F08-FC79DAD1BF76}.Debug|Any CPU.ActiveCfg = Debug|Any CPU
		{76D94A67-4EAF-47F4-9F08-FC79DAD1BF76}.Debug|Any CPU.Build.0 = Debug|Any CPU
		{76D94A67-4EAF-47F4-9F08-FC79DAD1BF76}.Debug|x64.ActiveCfg = Debug|Any CPU
		{76D94A67-4EAF-47F4-9F08-FC79DAD1BF76}.Debug|x64.Build.0 = Debug|Any CPU
		{76D94A67-4EAF-47F4-9F08-FC79DAD1BF76}.Debug|x86.ActiveCfg = Debug|Any CPU
		{76D94A67-4EAF-47F4-9F08-FC79DAD1BF76}.Debug|x86.Build.0 = Debug|Any CPU
		{76D94A67-4EAF-47F4-9F08-FC79DAD1BF76}.Release|Any CPU.ActiveCfg = Release|Any CPU
		{76D94A67-4EAF-47F4-9F08-FC79DAD1BF76}.Release|Any CPU.Build.0 = Release|Any CPU
		{76D94A67-4EAF-47F4-9F08-FC79DAD1BF76}.Release|x64.ActiveCfg = Release|Any CPU
		{76D94A67-4EAF-47F4-9F08-FC79DAD1BF76}.Release|x64.Build.0 = Release|Any CPU
		{76D94A67-4EAF-47F4-9F08-FC79DAD1BF76}.Release|x86.ActiveCfg = Release|Any CPU
		{76D94A67-4EAF-47F4-9F08-FC79DAD1BF76}.Release|x86.Build.0 = Release|Any CPU
		{C3A61777-7709-4BAD-8623-5E88DD86EDB4}.Debug|Any CPU.ActiveCfg = Debug|Any CPU
		{C3A61777-7709-4BAD-8623-5E88DD86EDB4}.Debug|Any CPU.Build.0 = Debug|Any CPU
		{C3A61777-7709-4BAD-8623-5E88DD86EDB4}.Debug|x64.ActiveCfg = Debug|Any CPU
		{C3A61777-7709-4BAD-8623-5E88DD86EDB4}.Debug|x64.Build.0 = Debug|Any CPU
		{C3A61777-7709-4BAD-8623-5E88DD86EDB4}.Debug|x86.ActiveCfg = Debug|Any CPU
		{C3A61777-7709-4BAD-8623-5E88DD86EDB4}.Debug|x86.Build.0 = Debug|Any CPU
		{C3A61777-7709-4BAD-8623-5E88DD86EDB4}.Release|Any CPU.ActiveCfg = Release|Any CPU
		{C3A61777-7709-4BAD-8623-5E88DD86EDB4}.Release|Any CPU.Build.0 = Release|Any CPU
		{C3A61777-7709-4BAD-8623-5E88DD86EDB4}.Release|x64.ActiveCfg = Release|Any CPU
		{C3A61777-7709-4BAD-8623-5E88DD86EDB4}.Release|x64.Build.0 = Release|Any CPU
		{C3A61777-7709-4BAD-8623-5E88DD86EDB4}.Release|x86.ActiveCfg = Release|Any CPU
		{C3A61777-7709-4BAD-8623-5E88DD86EDB4}.Release|x86.Build.0 = Release|Any CPU
		{D0CB2329-4C0F-47B3-A2C5-E7D453E40D51}.Debug|Any CPU.ActiveCfg = Debug|Any CPU
		{D0CB2329-4C0F-47B3-A2C5-E7D453E40D51}.Debug|Any CPU.Build.0 = Debug|Any CPU
		{D0CB2329-4C0F-47B3-A2C5-E7D453E40D51}.Debug|x64.ActiveCfg = Debug|Any CPU
		{D0CB2329-4C0F-47B3-A2C5-E7D453E40D51}.Debug|x64.Build.0 = Debug|Any CPU
		{D0CB2329-4C0F-47B3-A2C5-E7D453E40D51}.Debug|x86.ActiveCfg = Debug|Any CPU
		{D0CB2329-4C0F-47B3-A2C5-E7D453E40D51}.Debug|x86.Build.0 = Debug|Any CPU
		{D0CB2329-4C0F-47B3-A2C5-E7D453E40D51}.Release|Any CPU.ActiveCfg = Release|Any CPU
		{D0CB2329-4C0F-47B3-A2C5-E7D453E40D51}.Release|Any CPU.Build.0 = Release|Any CPU
		{D0CB2329-4C0F-47B3-A2C5-E7D453E40D51}.Release|x64.ActiveCfg = Release|Any CPU
		{D0CB2329-4C0F-47B3-A2C5-E7D453E40D51}.Release|x64.Build.0 = Release|Any CPU
		{D0CB2329-4C0F-47B3-A2C5-E7D453E40D51}.Release|x86.ActiveCfg = Release|Any CPU
		{D0CB2329-4C0F-47B3-A2C5-E7D453E40D51}.Release|x86.Build.0 = Release|Any CPU
		{B6A39BC0-94B8-4145-B426-6495F82325EE}.Debug|Any CPU.ActiveCfg = Debug|Any CPU
		{B6A39BC0-94B8-4145-B426-6495F82325EE}.Debug|Any CPU.Build.0 = Debug|Any CPU
		{B6A39BC0-94B8-4145-B426-6495F82325EE}.Debug|x64.ActiveCfg = Debug|Any CPU
		{B6A39BC0-94B8-4145-B426-6495F82325EE}.Debug|x64.Build.0 = Debug|Any CPU
		{B6A39BC0-94B8-4145-B426-6495F82325EE}.Debug|x86.ActiveCfg = Debug|Any CPU
		{B6A39BC0-94B8-4145-B426-6495F82325EE}.Debug|x86.Build.0 = Debug|Any CPU
		{B6A39BC0-94B8-4145-B426-6495F82325EE}.Release|Any CPU.ActiveCfg = Release|Any CPU
		{B6A39BC0-94B8-4145-B426-6495F82325EE}.Release|Any CPU.Build.0 = Release|Any CPU
		{B6A39BC0-94B8-4145-B426-6495F82325EE}.Release|x64.ActiveCfg = Release|Any CPU
		{B6A39BC0-94B8-4145-B426-6495F82325EE}.Release|x64.Build.0 = Release|Any CPU
		{B6A39BC0-94B8-4145-B426-6495F82325EE}.Release|x86.ActiveCfg = Release|Any CPU
		{B6A39BC0-94B8-4145-B426-6495F82325EE}.Release|x86.Build.0 = Release|Any CPU
		{D8E9F0A1-B2C3-4D5E-8F90-170605040302}.Debug|Any CPU.ActiveCfg = Debug|Any CPU
		{D8E9F0A1-B2C3-4D5E-8F90-170605040302}.Debug|Any CPU.Build.0 = Debug|Any CPU
		{D8E9F0A1-B2C3-4D5E-8F90-170605040302}.Debug|x64.ActiveCfg = Debug|Any CPU
		{D8E9F0A1-B2C3-4D5E-8F90-170605040302}.Debug|x64.Build.0 = Debug|Any CPU
		{D8E9F0A1-B2C3-4D5E-8F90-170605040302}.Debug|x86.ActiveCfg = Debug|Any CPU
		{D8E9F0A1-B2C3-4D5E-8F90-170605040302}.Debug|x86.Build.0 = Debug|Any CPU
		{D8E9F0A1-B2C3-4D5E-8F90-170605040302}.Release|Any CPU.ActiveCfg = Release|Any CPU
		{D8E9F0A1-B2C3-4D5E-8F90-170605040302}.Release|Any CPU.Build.0 = Release|Any CPU
		{D8E9F0A1-B2C3-4D5E-8F90-170605040302}.Release|x64.ActiveCfg = Release|Any CPU
		{D8E9F0A1-B2C3-4D5E-8F90-170605040302}.Release|x64.Build.0 = Release|Any CPU
		{D8E9F0A1-B2C3-4D5E-8F90-170605040302}.Release|x86.ActiveCfg = Release|Any CPU
		{D8E9F0A1-B2C3-4D5E-8F90-170605040302}.Release|x86.Build.0 = Release|Any CPU
		{E9F0A1B2-C3D4-4E5F-8091-281706050403}.Debug|Any CPU.ActiveCfg = Debug|Any CPU
		{E9F0A1B2-C3D4-4E5F-8091-281706050403}.Debug|Any CPU.Build.0 = Debug|Any CPU
		{E9F0A1B2-C3D4-4E5F-8091-281706050403}.Debug|x64.ActiveCfg = Debug|Any CPU
		{E9F0A1B2-C3D4-4E5F-8091-281706050403}.Debug|x64.Build.0 = Debug|Any CPU
		{E9F0A1B2-C3D4-4E5F-8091-281706050403}.Debug|x86.ActiveCfg = Debug|Any CPU
		{E9F0A1B2-C3D4-4E5F-8091-281706050403}.Debug|x86.Build.0 = Debug|Any CPU
		{E9F0A1B2-C3D4-4E5F-8091-281706050403}.Release|Any CPU.ActiveCfg = Release|Any CPU
		{E9F0A1B2-C3D4-4E5F-8091-281706050403}.Release|Any CPU.Build.0 = Release|Any CPU
		{E9F0A1B2-C3D4-4E5F-8091-281706050403}.Release|x64.ActiveCfg = Release|Any CPU
		{E9F0A1B2-C3D4-4E5F-8091-281706050403}.Release|x64.Build.0 = Release|Any CPU
		{E9F0A1B2-C3D4-4E5F-8091-281706050403}.Release|x86.ActiveCfg = Release|Any CPU
		{E9F0A1B2-C3D4-4E5F-8091-281706050403}.Release|x86.Build.0 = Release|Any CPU
		{E148945A-421E-465F-98E0-F247969F82A2}.Debug|Any CPU.ActiveCfg = Debug|Any CPU
		{E148945A-421E-465F-98E0-F247969F82A2}.Debug|Any CPU.Build.0 = Debug|Any CPU
		{E148945A-421E-465F-98E0-F247969F82A2}.Debug|x64.ActiveCfg = Debug|Any CPU
		{E148945A-421E-465F-98E0-F247969F82A2}.Debug|x64.Build.0 = Debug|Any CPU
		{E148945A-421E-465F-98E0-F247969F82A2}.Debug|x86.ActiveCfg = Debug|Any CPU
		{E148945A-421E-465F-98E0-F247969F82A2}.Debug|x86.Build.0 = Debug|Any CPU
		{E148945A-421E-465F-98E0-F247969F82A2}.Release|Any CPU.ActiveCfg = Release|Any CPU
		{E148945A-421E-465F-98E0-F247969F82A2}.Release|Any CPU.Build.0 = Release|Any CPU
		{E148945A-421E-465F-98E0-F247969F82A2}.Release|x64.ActiveCfg = Release|Any CPU
		{E148945A-421E-465F-98E0-F247969F82A2}.Release|x64.Build.0 = Release|Any CPU
		{E148945A-421E-465F-98E0-F247969F82A2}.Release|x86.ActiveCfg = Release|Any CPU
		{E148945A-421E-465F-98E0-F247969F82A2}.Release|x86.Build.0 = Release|Any CPU
		{381BE9E9-4235-45F3-8856-BBCDEFBFFE29}.Debug|Any CPU.ActiveCfg = Debug|Any CPU
		{381BE9E9-4235-45F3-8856-BBCDEFBFFE29}.Debug|Any CPU.Build.0 = Debug|Any CPU
		{381BE9E9-4235-45F3-8856-BBCDEFBFFE29}.Debug|x64.ActiveCfg = Debug|Any CPU
		{381BE9E9-4235-45F3-8856-BBCDEFBFFE29}.Debug|x64.Build.0 = Debug|Any CPU
		{381BE9E9-4235-45F3-8856-BBCDEFBFFE29}.Debug|x86.ActiveCfg = Debug|Any CPU
		{381BE9E9-4235-45F3-8856-BBCDEFBFFE29}.Debug|x86.Build.0 = Debug|Any CPU
		{381BE9E9-4235-45F3-8856-BBCDEFBFFE29}.Release|Any CPU.ActiveCfg = Release|Any CPU
		{381BE9E9-4235-45F3-8856-BBCDEFBFFE29}.Release|Any CPU.Build.0 = Release|Any CPU
		{381BE9E9-4235-45F3-8856-BBCDEFBFFE29}.Release|x64.ActiveCfg = Release|Any CPU
		{381BE9E9-4235-45F3-8856-BBCDEFBFFE29}.Release|x64.Build.0 = Release|Any CPU
		{381BE9E9-4235-45F3-8856-BBCDEFBFFE29}.Release|x86.ActiveCfg = Release|Any CPU
		{381BE9E9-4235-45F3-8856-BBCDEFBFFE29}.Release|x86.Build.0 = Release|Any CPU
	EndGlobalSection
	GlobalSection(SolutionProperties) = preSolution
		HideSolutionNode = FALSE
	EndGlobalSection
	GlobalSection(NestedProjects) = preSolution
		{85E3A286-880E-ADB0-5CF2-3F1BDB3A4229} = {4F52FD11-658E-A102-6CD3-7D7C16FFA15B}
		{463F3452-2716-4E09-A4CE-36B2644ED665} = {85E3A286-880E-ADB0-5CF2-3F1BDB3A4229}
		{F07E2BBD-3EF3-C73B-F5F0-A5C6B8A6536E} = {85E3A286-880E-ADB0-5CF2-3F1BDB3A4229}
		{374F4177-8F14-40E5-8930-0355A34E2545} = {F07E2BBD-3EF3-C73B-F5F0-A5C6B8A6536E}
		{681230F7-9A02-4AC7-A0A3-29E39CEAF7B4} = {E7BDDBC6-9FD1-D1D7-ACD8-2C4F8E3D2461}
		{B195C7C4-5864-4207-A5B2-1079186F6CF2} = {E7BDDBC6-9FD1-D1D7-ACD8-2C4F8E3D2461}
		{357A7C97-5AE1-023F-1442-0D9F9AF22A31} = {5854FF58-B8C5-05C6-5BF2-ACE42193F22B}
		{92284E31-FF56-4B78-8005-8DBE96B8FDAF} = {357A7C97-5AE1-023F-1442-0D9F9AF22A31}
		{1F06E298-AE1E-4B5D-A43C-4986B0F50459} = {357A7C97-5AE1-023F-1442-0D9F9AF22A31}
		{944C6BB9-14B7-92CC-DB38-A08A98C838B4} = {5854FF58-B8C5-05C6-5BF2-ACE42193F22B}
		{A1D61420-4960-4E47-9F63-2FD9B4D9D7C9} = {944C6BB9-14B7-92CC-DB38-A08A98C838B4}
		{711EB070-2E8D-4789-91C3-EA2738D21257} = {944C6BB9-14B7-92CC-DB38-A08A98C838B4}
		{8FC3B100-36D6-BD0C-95E3-F3A0947C3004} = {5854FF58-B8C5-05C6-5BF2-ACE42193F22B}
		{76D94A67-4EAF-47F4-9F08-FC79DAD1BF76} = {8FC3B100-36D6-BD0C-95E3-F3A0947C3004}
		{C3A61777-7709-4BAD-8623-5E88DD86EDB4} = {8FC3B100-36D6-BD0C-95E3-F3A0947C3004}
		{EC4D58AA-3E6A-772B-884D-8B41220B85E8} = {5854FF58-B8C5-05C6-5BF2-ACE42193F22B}
		{D0CB2329-4C0F-47B3-A2C5-E7D453E40D51} = {EC4D58AA-3E6A-772B-884D-8B41220B85E8}
		{B6A39BC0-94B8-4145-B426-6495F82325EE} = {EC4D58AA-3E6A-772B-884D-8B41220B85E8}
		{C7D8E9F0-A1B2-4C3D-9E8F-706050403020} = {5854FF58-B8C5-05C6-5BF2-ACE42193F22B}
		{D8E9F0A1-B2C3-4D5E-8F90-170605040302} = {C7D8E9F0-A1B2-4C3D-9E8F-706050403020}
		{E9F0A1B2-C3D4-4E5F-8091-281706050403} = {C7D8E9F0-A1B2-4C3D-9E8F-706050403020}
		{3E7A9B00-7DF3-7790-B266-A41137FAD3AE} = {5854FF58-B8C5-05C6-5BF2-ACE42193F22B}
		{E148945A-421E-465F-98E0-F247969F82A2} = {3E7A9B00-7DF3-7790-B266-A41137FAD3AE}
		{381BE9E9-4235-45F3-8856-BBCDEFBFFE29} = {3E7A9B00-7DF3-7790-B266-A41137FAD3AE}
	EndGlobalSection
EndGlobal
